
Microsoft Visual Studio Solution File, Format Version 12.00
# Visual Studio 2013
VisualStudioVersion = 12.0.31101.0
MinimumVisualStudioVersion = 10.0.40219.1
Project("{FAE04EC0-301F-11D3-BF4B-00C04F79EFBC}") = "Sherpa.Installer", "Sherpa.Installer\Sherpa.Installer.csproj", "{4D2343FE-553E-4EC9-9B90-4C2A98F2ACEF}"
EndProject
Project("{FAE04EC0-301F-11D3-BF4B-00C04F79EFBC}") = "Sherpa.Library", "Sherpa.Library\Sherpa.Library.csproj", "{1F22D5D3-9C97-4470-B44C-E5A2B7ADED7F}"
EndProject
Project("{FAE04EC0-301F-11D3-BF4B-00C04F79EFBC}") = "Sherpa.ExampleCustomTask", "Sherpa.ExampleCustomTask\Sherpa.ExampleCustomTask.csproj", "{0D12699F-074C-460C-BC44-126024756435}"
EndProject
Project("{2150E333-8FDC-42A3-9474-1A3956D46DE8}") = "content", "content", "{5C0785D2-479D-4DA4-BD01-710826890C9F}"
EndProject
Project("{2150E333-8FDC-42A3-9474-1A3956D46DE8}") = "SiteAssets", "SiteAssets", "{0E8D7410-386A-481D-A6F8-4851C2EC20D2}"
	ProjectSection(SolutionItems) = preProject
		Sherpa.Installer\content\SiteAssets\myfile.txt = Sherpa.Installer\content\SiteAssets\myfile.txt
	EndProjectSection
EndProject
Project("{2150E333-8FDC-42A3-9474-1A3956D46DE8}") = "PageLayouts", "PageLayouts", "{F1190659-1529-4555-A726-4408C7513A15}"
	ProjectSection(SolutionItems) = preProject
		Sherpa.Installer\content\PageLayouts\properties.json = Sherpa.Installer\content\PageLayouts\properties.json
		Sherpa.Installer\content\PageLayouts\SherpaPageLayout.aspx = Sherpa.Installer\content\PageLayouts\SherpaPageLayout.aspx
	EndProjectSection
EndProject
Project("{2150E333-8FDC-42A3-9474-1A3956D46DE8}") = "config", "config", "{F923184A-80D1-4609-A7B2-27CCB5EDB799}"
	ProjectSection(SolutionItems) = preProject
		Sherpa.Installer\config\democontenttypes.json = Sherpa.Installer\config\democontenttypes.json
		Sherpa.Installer\config\demofields.json = Sherpa.Installer\config\demofields.json
		Sherpa.Installer\config\demositehierarchy.json = Sherpa.Installer\config\demositehierarchy.json
		Sherpa.Installer\config\demotaxonomy.json = Sherpa.Installer\config\demotaxonomy.json
	EndProjectSection
EndProject
Global
	GlobalSection(SolutionConfigurationPlatforms) = preSolution
		Debug|Any CPU = Debug|Any CPU
		Release|Any CPU = Release|Any CPU
	EndGlobalSection
	GlobalSection(ProjectConfigurationPlatforms) = postSolution
		{4D2343FE-553E-4EC9-9B90-4C2A98F2ACEF}.Debug|Any CPU.ActiveCfg = Debug|Any CPU
		{4D2343FE-553E-4EC9-9B90-4C2A98F2ACEF}.Debug|Any CPU.Build.0 = Debug|Any CPU
		{4D2343FE-553E-4EC9-9B90-4C2A98F2ACEF}.Release|Any CPU.ActiveCfg = Release|Any CPU
		{4D2343FE-553E-4EC9-9B90-4C2A98F2ACEF}.Release|Any CPU.Build.0 = Release|Any CPU
		{1F22D5D3-9C97-4470-B44C-E5A2B7ADED7F}.Debug|Any CPU.ActiveCfg = Debug|Any CPU
		{1F22D5D3-9C97-4470-B44C-E5A2B7ADED7F}.Debug|Any CPU.Build.0 = Debug|Any CPU
		{1F22D5D3-9C97-4470-B44C-E5A2B7ADED7F}.Release|Any CPU.ActiveCfg = Release|Any CPU
		{1F22D5D3-9C97-4470-B44C-E5A2B7ADED7F}.Release|Any CPU.Build.0 = Release|Any CPU
		{0D12699F-074C-460C-BC44-126024756435}.Debug|Any CPU.ActiveCfg = Debug|Any CPU
		{0D12699F-074C-460C-BC44-126024756435}.Debug|Any CPU.Build.0 = Debug|Any CPU
		{0D12699F-074C-460C-BC44-126024756435}.Release|Any CPU.ActiveCfg = Release|Any CPU
		{0D12699F-074C-460C-BC44-126024756435}.Release|Any CPU.Build.0 = Release|Any CPU
	EndGlobalSection
	GlobalSection(SolutionProperties) = preSolution
		HideSolutionNode = FALSE
	EndGlobalSection
	GlobalSection(NestedProjects) = preSolution
		{0E8D7410-386A-481D-A6F8-4851C2EC20D2} = {5C0785D2-479D-4DA4-BD01-710826890C9F}
		{F1190659-1529-4555-A726-4408C7513A15} = {5C0785D2-479D-4DA4-BD01-710826890C9F}
	EndGlobalSection
EndGlobal
